{
  "version": 4,
  "terraform_version": "1.10.5",
  "serial": 35,
  "lineage": "7bbb5162-92ec-163d-e66c-55d72773850f",
  "outputs": {
    "public_ip": {
      "value": "13.247.98.133",
      "type": "string"
    }
  },
  "resources": [
    {
      "mode": "managed",
      "type": "aws_instance",
      "name": "insightflair",
      "provider": "provider[\"registry.terraform.io/hashicorp/aws\"]",
      "instances": [
        {
          "schema_version": 1,
          "attributes": {
            "ami": "ami-0e6b72e746c973dd6",
            "arn": "arn:aws:ec2:af-south-1:528757791826:instance/i-0386b4804777be7bf",
            "associate_public_ip_address": true,
            "availability_zone": "af-south-1a",
            "capacity_reservation_specification": [
              {
                "capacity_reservation_preference": "open",
                "capacity_reservation_target": []
              }
            ],
            "cpu_core_count": 1,
            "cpu_options": [
              {
                "amd_sev_snp": "",
                "core_count": 1,
                "threads_per_core": 2
              }
            ],
            "cpu_threads_per_core": 2,
            "credit_specification": [
              {
                "cpu_credits": "unlimited"
              }
            ],
            "disable_api_stop": false,
            "disable_api_termination": false,
            "ebs_block_device": [],
            "ebs_optimized": false,
            "enable_primary_ipv6": null,
            "enclave_options": [
              {
                "enabled": false
              }
            ],
            "ephemeral_block_device": [],
            "get_password_data": false,
            "hibernation": false,
            "host_id": "",
            "host_resource_group_arn": null,
            "iam_instance_profile": "",
            "id": "i-0386b4804777be7bf",
            "instance_initiated_shutdown_behavior": "stop",
            "instance_lifecycle": "",
            "instance_market_options": [],
            "instance_state": "running",
            "instance_type": "t3.micro",
            "ipv6_address_count": 0,
            "ipv6_addresses": [],
            "key_name": "terraform_key",
            "launch_template": [],
            "maintenance_options": [
              {
                "auto_recovery": "default"
              }
            ],
            "metadata_options": [
              {
                "http_endpoint": "enabled",
                "http_protocol_ipv6": "disabled",
                "http_put_response_hop_limit": 2,
                "http_tokens": "required",
                "instance_metadata_tags": "disabled"
              }
            ],
            "monitoring": false,
            "network_interface": [],
            "outpost_arn": "",
            "password_data": "",
            "placement_group": "",
            "placement_partition_number": 0,
            "primary_network_interface_id": "eni-035523207b7822ca3",
            "private_dns": "ip-172-31-14-18.af-south-1.compute.internal",
            "private_dns_name_options": [
              {
                "enable_resource_name_dns_a_record": false,
                "enable_resource_name_dns_aaaa_record": false,
                "hostname_type": "ip-name"
              }
            ],
            "private_ip": "172.31.14.18",
            "public_dns": "ec2-13-247-98-133.af-south-1.compute.amazonaws.com",
            "public_ip": "13.247.98.133",
            "root_block_device": [
              {
                "delete_on_termination": true,
                "device_name": "/dev/sda1",
                "encrypted": false,
                "iops": 3000,
                "kms_key_id": "",
                "tags": {},
                "tags_all": {},
                "throughput": 125,
                "volume_id": "vol-0b22cf0215643275e",
                "volume_size": 8,
                "volume_type": "gp3"
              }
            ],
            "secondary_private_ips": [],
            "security_groups": [
              "ec2_security_group"
            ],
            "source_dest_check": true,
            "spot_instance_request_id": "",
            "subnet_id": "subnet-0e5fd63bc77662698",
            "tags": null,
            "tags_all": {},
            "tenancy": "default",
            "timeouts": null,
            "user_data": null,
            "user_data_base64": null,
            "user_data_replace_on_change": false,
            "volume_tags": null,
            "vpc_security_group_ids": [
              "sg-004fddbe50f8319dc"
            ]
          },
          "sensitive_attributes": [],
          "private": "eyJlMmJmYjczMC1lY2FhLTExZTYtOGY4OC0zNDM2M2JjN2M0YzAiOnsiY3JlYXRlIjo2MDAwMDAwMDAwMDAsImRlbGV0ZSI6MTIwMDAwMDAwMDAwMCwicmVhZCI6OTAwMDAwMDAwMDAwLCJ1cGRhdGUiOjYwMDAwMDAwMDAwMH0sInNjaGVtYV92ZXJzaW9uIjoiMSJ9",
          "dependencies": [
            "aws_key_pair.ssh_key",
            "aws_security_group.ec2_sg"
          ]
        }
      ]
    },
    {
      "mode": "managed",
      "type": "aws_key_pair",
      "name": "ssh_key",
      "provider": "provider[\"registry.terraform.io/hashicorp/aws\"]",
      "instances": [
        {
          "schema_version": 1,
          "attributes": {
            "arn": "arn:aws:ec2:af-south-1:528757791826:key-pair/terraform_key",
            "fingerprint": "b1:49:96:7a:65:c6:9e:fb:6e:64:7e:0a:d0:70:39:20",
            "id": "terraform_key",
            "key_name": "terraform_key",
            "key_name_prefix": "",
            "key_pair_id": "key-008d59f6d411fb307",
            "key_type": "rsa",
            "public_key": "ssh-rsa AAAAB3NzaC1yc2EAAAADAQABAAACAQDa1TiMqEiq0rN/7XPnTzPV2SKgxn4jX4iNvhq95MYurwdldKSXoRkavPt/K2fRBDB5yQiBR1BAC+NM5gL64BOMu4Qd/mD8HpsyEmJ9dpcmrMOpynhcGtu0k0a0Ew+FOqz83yC0nNikAxDCyC4hmm4VuYXqU70svIrDNpvABaxz+SfA7CIvZkQ4QBN4J+AQn6Tgo51e716/6FCp3SMcicL57UJv4pGqMGrQR1ZfmoaRATX0ezfYOzZrYDjTl9Q7M7Nn5b4oBlyXp7LBQa5PGRlGfmGAz+DXqznSE76uTMg8hGoWbfQV8CVneGQodHMI1CRpSBCBOT0G7wizX5YjR/SFQLc3JnNDG1Q6zM2a7nNMQHbWIe5Ste555PuLaJ5LtK2NijTSh2NVkHH6Dz+BoOnaaYQkp3kmnjE2NE2DFUXQ3xCkJ0YAjcMxYTLT9HEWqbiinFZDT+H/oCuAzzOdRt+nriw+C0+m98Tb2gt9rgXTKUA9GlT5QDbFBbtkvxm7N+fGQXU7Soa8lkVnKOLkn/uSLNyks5fTLjMji1hXDy1rZLwQdTAXIZhad+fZRx4ImcDmyShYax0qNNJUH/LK1XNGn6+5EyuvTPf0LU+l1MQkM4NYVlnsw+W8sUZAYUGnY6ZZp8mzFOH/4iGqoIFPLMnFnC7RFz7brSCrAaZaK1WNWw== hlb@HLB",
            "tags": {},
            "tags_all": {}
          },
          "sensitive_attributes": [],
          "private": "eyJzY2hlbWFfdmVyc2lvbiI6IjEifQ=="
        }
      ]
    },
    {
      "mode": "managed",
      "type": "aws_security_group",
      "name": "ec2_sg",
      "provider": "provider[\"registry.terraform.io/hashicorp/aws\"]",
      "instances": [
        {
          "schema_version": 1,
          "attributes": {
            "arn": "arn:aws:ec2:af-south-1:528757791826:security-group/sg-004fddbe50f8319dc",
            "description": "my default security group",
            "egress": [
              {
                "cidr_blocks": [
                  "0.0.0.0/0"
                ],
                "description": "",
                "from_port": 0,
                "ipv6_cidr_blocks": [],
                "prefix_list_ids": [],
                "protocol": "-1",
                "security_groups": [],
                "self": false,
                "to_port": 0
              }
            ],
            "id": "sg-004fddbe50f8319dc",
            "ingress": [
              {
                "cidr_blocks": [
                  "0.0.0.0/0"
                ],
                "description": "",
                "from_port": 22,
                "ipv6_cidr_blocks": [],
                "prefix_list_ids": [],
                "protocol": "tcp",
                "security_groups": [],
                "self": false,
                "to_port": 22
              },
              {
                "cidr_blocks": [
                  "0.0.0.0/0"
                ],
                "description": "",
                "from_port": 443,
                "ipv6_cidr_blocks": [],
                "prefix_list_ids": [],
                "protocol": "tcp",
                "security_groups": [],
                "self": false,
                "to_port": 443
              }
            ],
            "name": "ec2_security_group",
            "name_prefix": "",
            "owner_id": "528757791826",
            "revoke_rules_on_delete": false,
            "tags": null,
            "tags_all": {},
            "timeouts": null,
            "vpc_id": "vpc-0124f27fea39baf7a"
          },
          "sensitive_attributes": [],
          "private": "eyJlMmJmYjczMC1lY2FhLTExZTYtOGY4OC0zNDM2M2JjN2M0YzAiOnsiY3JlYXRlIjo2MDAwMDAwMDAwMDAsImRlbGV0ZSI6OTAwMDAwMDAwMDAwfSwic2NoZW1hX3ZlcnNpb24iOiIxIn0="
        }
      ]
    }
  ],
  "check_results": null
}
